
Microsoft Visual Studio Solution File, Format Version 12.00
Project("{FAE04EC0-301F-11D3-BF4B-00C04F79EFBC}") = "FilenameFixer", "FilenameFixer\FilenameFixer.csproj", "{F797ED20-D3B9-4CD3-9541-BF5771982118}"
EndProject
Global
	GlobalSection(SolutionConfigurationPlatforms) = preSolution
		Debug|Any CPU = Debug|Any CPU
		Release|Any CPU = Release|Any CPU
	EndGlobalSection
	GlobalSection(ProjectConfigurationPlatforms) = postSolution
		{F797ED20-D3B9-4CD3-9541-BF5771982118}.Debug|Any CPU.ActiveCfg = Debug|Any CPU
		{F797ED20-D3B9-4CD3-9541-BF5771982118}.Debug|Any CPU.Build.0 = Debug|Any CPU
		{F797ED20-D3B9-4CD3-9541-BF5771982118}.Release|Any CPU.ActiveCfg = Release|Any CPU
		{F797ED20-D3B9-4CD3-9541-BF5771982118}.Release|Any CPU.Build.0 = Release|Any CPU
	EndGlobalSection
EndGlobal
